Microsoft Visual Studio Solution File, Format Version 12.00
# Visual Studio Version 17
VisualStudioVersion = 17.5.2.0
MinimumVisualStudioVersion = 10.0.40219.1
Project("{FAE04EC0-301F-11D3-BF4B-00C04F79EFBC}") = "HerancaVenda", "HerancaVenda.csproj", "{F2989CC9-2922-5A71-13F8-974B6656DBA7}"
EndProject
Global
	GlobalSection(SolutionConfigurationPlatforms) = preSolution
		Debug|Any CPU = Debug|Any CPU
		Release|Any CPU = Release|Any CPU
	EndGlobalSection
	GlobalSection(ProjectConfigurationPlatforms) = postSolution
		{F2989CC9-2922-5A71-13F8-974B6656DBA7}.Debug|Any CPU.ActiveCfg = Debug|Any CPU
		{F2989CC9-2922-5A71-13F8-974B6656DBA7}.Debug|Any CPU.Build.0 = Debug|Any CPU
		{F2989CC9-2922-5A71-13F8-974B6656DBA7}.Release|Any CPU.ActiveCfg = Release|Any CPU
		{F2989CC9-2922-5A71-13F8-974B6656DBA7}.Release|Any CPU.Build.0 = Release|Any CPU
	EndGlobalSection
	GlobalSection(SolutionProperties) = preSolution
		HideSolutionNode = FALSE
	EndGlobalSection
	GlobalSection(ExtensibilityGlobals) = postSolution
		SolutionGuid = {3C7A69B9-F091-455B-8FA7-A831F17FB7BF}
	EndGlobalSection
EndGlobal
